// !$*UTF8*$!
{
	archiveVersion = 1;
	classes = {
	};
	objectVersion = 110;
	objects = {

/* Begin PBXContainerItemProxy section */
		26B349062FF384D6008A256E /* PBXContainerItemProxy */ = {
			isa = PBXContainerItemProxy;
			containerPortal = 26B348F02FF384D4008A256E /* Project object */;
			proxyType = 1;
			remoteGlobalIDString = 26B348F72FF384D4008A256E;
			remoteInfo = WindowMover;
		};
		26B349102FF384D6008A256E /* PBXContainerItemProxy */ = {
			isa = PBXContainerItemProxy;
			containerPortal = 26B348F02FF384D4008A256E /* Project object */;
			proxyType = 1;
			remoteGlobalIDString = 26B348F72FF384D4008A256E;
			remoteInfo = WindowMover;
		};
/* End PBXContainerItemProxy section */

/* Begin PBXFileReference section */
		26B348F82FF384D4008A256E /* WindowMover.app */ = {isa = PBXFileReference; explicitFileType = wrapper.application; includeInIndex = 0; path = WindowMover.app; sourceTree = BUILT_PRODUCTS_DIR; };
		26B349052FF384D6008A256E /* WindowMoverTests.xctest */ = {isa = PBXFileReference; explicitFileType = wrapper.cfbundle; includeInIndex = 0; path = WindowMoverTests.xctest; sourceTree = BUILT_PRODUCTS_DIR; };
		26B3490F2FF384D6008A256E /* WindowMoverUITests.xctest */ = {isa = PBXFileReference; explicitFileType = wrapper.cfbundle; includeInIndex = 0; path = WindowMoverUITests.xctest; sourceTree = BUILT_PRODUCTS_DIR; };
/* End PBXFileReference section */

/* Begin PBXFileSystemSynchronizedRootGroup section */
		26B348FA2FF384D4008A256E /* WindowMover */ = {
			isa = PBXFileSystemSynchronizedRootGroup;
			path = WindowMover;
			sourceTree = "<group>";
		};
/* End PBXFileSystemSynchronizedRootGroup section */

/* Begin PBXFrameworksBuildPhase section */
		26B348F52FF384D4008A256E /* Frameworks */ = {
			isa = PBXFrameworksBuildPhase;
			files = (
			);
		};
		26B349022FF384D6008A256E /* Frameworks */ = {
			isa = PBXFrameworksBuildPhase;
			files = (
			);
		};
		26B3490C2FF384D6008A256E /* Frameworks */ = {
			isa = PBXFrameworksBuildPhase;
			files = (
			);
		};
/* End PBXFrameworksBuildPhase section */

/* Begin PBXGroup section */
		26B348EF2FF384D4008A256E = {
			isa = PBXGroup;
			children = (
				26B348FA2FF384D4008A256E /* WindowMover */,
				26B348F92FF384D4008A256E /* Products */,
			);
			sourceTree = "<group>";
		};
		26B348F92FF384D4008A256E /* Products */ = {
			isa = PBXGroup;
			children = (
				26B348F82FF384D4008A256E /* WindowMover.app */,
				26B349052FF384D6008A256E /* WindowMoverTests.xctest */,
				26B3490F2FF384D6008A256E /* WindowMoverUITests.xctest */,
			);
			name = Products;
			sourceTree = "<group>";
		};
/* End PBXGroup section */

/* Begin PBXNativeTarget section */
		26B348F72FF384D4008A256E /* WindowMover */ = {
			isa = PBXNativeTarget;
			buildConfigurationList = 26B349172FF384D6008A256E /* Build configuration list for PBXNativeTarget "WindowMover" */;
			buildPhases = (
				26B348F42FF384D4008A256E /* Sources */,
				26B348F52FF384D4008A256E /* Frameworks */,
				26B348F62FF384D4008A256E /* Resources */,
			);
			buildRules = (
			);
			fileSystemSynchronizedGroups = (
				26B348FA2FF384D4008A256E /* WindowMover */,
			);
			name = WindowMover;
			productName = WindowMover;
			productReference = 26B348F82FF384D4008A256E /* WindowMover.app */;
			productType = "com.apple.product-type.application";
		};
		26B349042FF384D6008A256E /* WindowMoverTests */ = {
			isa = PBXNativeTarget;
			buildConfigurationList = 26B3491A2FF384D6008A256E /* Build configuration list for PBXNativeTarget "WindowMoverTests" */;
			buildPhases = (
				26B349012FF384D6008A256E /* Sources */,
				26B349022FF384D6008A256E /* Frameworks */,
				26B349032FF384D6008A256E /* Resources */,
			);
			buildRules = (
			);
			dependencies = (
				26B349072FF384D6008A256E /* PBXTargetDependency */,
			);
			name = WindowMoverTests;
			productName = WindowMoverTests;
			productReference = 26B349052FF384D6008A256E /* WindowMoverTests.xctest */;
			productType = "com.apple.product-type.bundle.unit-test";
		};
		26B3490E2FF384D6008A256E /* WindowMoverUITests */ = {
			isa = PBXNativeTarget;
			buildConfigurationList = 26B3491D2FF384D6008A256E /* Build configuration list for PBXNativeTarget "WindowMoverUITests" */;
			buildPhases = (
				26B3490B2FF384D6008A256E /* Sources */,
				26B3490C2FF384D6008A256E /* Frameworks */,
				26B3490D2FF384D6008A256E /* Resources */,
			);
			buildRules = (
			);
			dependencies = (
				26B349112FF384D6008A256E /* PBXTargetDependency */,
			);
			name = WindowMoverUITests;
			productName = WindowMoverUITests;
			productReference = 26B3490F2FF384D6008A256E /* WindowMoverUITests.xctest */;
			productType = "com.apple.product-type.bundle.ui-testing";
		};
/* End PBXNativeTarget section */

/* Begin PBXProject section */
		26B348F02FF384D4008A256E /* Project object */ = {
			isa = PBXProject;
			attributes = {
				BuildIndependentTargetsInParallel = 1;
				LastSwiftUpdateCheck = 2700;
				LastUpgradeCheck = 2700;
				TargetAttributes = {
					26B348F72FF384D4008A256E = {
						CreatedOnToolsVersion = 27.0;
					};
					26B349042FF384D6008A256E = {
						CreatedOnToolsVersion = 27.0;
						TestTargetID = 26B348F72FF384D4008A256E;
					};
					26B3490E2FF384D6008A256E = {
						CreatedOnToolsVersion = 27.0;
						TestTargetID = 26B348F72FF384D4008A256E;
					};
				};
			};
			buildConfigurationList = 26B348F32FF384D4008A256E /* Build configuration list for PBXProject "WindowMover" */;
			developmentRegion = en;
			hasScannedForEncodings = 0;
			knownRegions = (
				en,
				Base,
			);
			mainGroup = 26B348EF2FF384D4008A256E;
			minimizedProjectReferenceProxies = 1;
			preferredProjectObjectVersion = 77;
			productRefGroup = 26B348F92FF384D4008A256E /* Products */;
			projectDirPath = "";
			projectRoot = "";
			targets = (
				26B348F72FF384D4008A256E /* WindowMover */,
				26B349042FF384D6008A256E /* WindowMoverTests */,
				26B3490E2FF384D6008A256E /* WindowMoverUITests */,
			);
		};
/* End PBXProject section */

/* Begin PBXResourcesBuildPhase section */
		26B348F62FF384D4008A256E /* Resources */ = {
			isa = PBXResourcesBuildPhase;
			files = (
			);
		};
		26B349032FF384D6008A256E /* Resources */ = {
			isa = PBXResourcesBuildPhase;
			files = (
			);
		};
		26B3490D2FF384D6008A256E /* Resources */ = {
			isa = PBXResourcesBuildPhase;
			files = (
			);
		};
/* End PBXResourcesBuildPhase section */

/* Begin PBXSourcesBuildPhase section */
		26B348F42FF384D4008A256E /* Sources */ = {
			isa = PBXSourcesBuildPhase;
			files = (
			);
		};
		26B349012FF384D6008A256E /* Sources */ = {
			isa = PBXSourcesBuildPhase;
			files = (
			);
		};
		26B3490B2FF384D6008A256E /* Sources */ = {
			isa = PBXSourcesBuildPhase;
			files = (
			);
		};
/* End PBXSourcesBuildPhase section */

/* Begin PBXTargetDependency section */
		26B349072FF384D6008A256E /* PBXTargetDependency */ = {
			isa = PBXTargetDependency;
			target = 26B348F72FF384D4008A256E /* WindowMover */;
			targetProxy = 26B349062FF384D6008A256E /* PBXContainerItemProxy */;
		};
		26B349112FF384D6008A256E /* PBXTargetDependency */ = {
			isa = PBXTargetDependency;
			target = 26B348F72FF384D4008A256E /* WindowMover */;
			targetProxy = 26B349102FF384D6008A256E /* PBXContainerItemProxy */;
		};
/* End PBXTargetDependency section */

/* Begin XCBuildConfiguration section */
		26B349152FF384D6008A256E /* Debug configuration for PBXProject "WindowMover" */ = {
			isa = XCBuildConfiguration;
			buildSettings = {
				ALWAYS_SEARCH_USER_PATHS = NO;
				ASSETCATALOG_COMPILER_GENERATE_SWIFT_ASSET_SYMBOL_EXTENSIONS = YES;
				CLANG_ANALYZER_NONNULL = YES;
				CLANG_ANALYZER_NUMBER_OBJECT_CONVERSION = YES_AGGRESSIVE;
				CLANG_CXX_LANGUAGE_STANDARD = "gnu++20";
				CLANG_ENABLE_MODULES = YES;
				CLANG_ENABLE_OBJC_ARC = YES;
				CLANG_ENABLE_OBJC_WEAK = YES;
				CLANG_WARN_BLOCK_CAPTURE_AUTORELEASING = YES;
				CLANG_WARN_BOOL_CONVERSION = YES;
				CLANG_WARN_COMMA = YES;
				CLANG_WARN_CONSTANT_CONVERSION = YES;
				CLANG_WARN_DEPRECATED_OBJC_IMPLEMENTATIONS = YES;
				CLANG_WARN_DIRECT_OBJC_ISA_USAGE = YES_ERROR;
				CLANG_WARN_DOCUMENTATION_COMMENTS = YES;
				CLANG_WARN_EMPTY_BODY = YES;
				CLANG_WARN_ENUM_CONVERSION = YES;
				CLANG_WARN_INFINITE_RECURSION = YES;
				CLANG_WARN_INT_CONVERSION = YES;
				CLANG_WARN_NON_LITERAL_NULL_CONVERSION = YES;
				CLANG_WARN_OBJC_IMPLICIT_RETAIN_SELF = YES;
				CLANG_WARN_OBJC_LITERAL_CONVERSION = YES;
				CLANG_WARN_OBJC_ROOT_CLASS = YES_ERROR;
				CLANG_WARN_QUOTED_INCLUDE_IN_FRAMEWORK_HEADER = YES;
				CLANG_WARN_RANGE_LOOP_ANALYSIS = YES;
				CLANG_WARN_STRICT_PROTOTYPES = YES;
				CLANG_WARN_SUSPICIOUS_MOVE = YES;
				CLANG_WARN_UNGUARDED_AVAILABILITY = YES_AGGRESSIVE;
				CLANG_WARN_UNREACHABLE_CODE = YES;
				CLANG_WARN__DUPLICATE_METHOD_MATCH = YES;
				COPY_PHASE_STRIP = NO;
				DEBUG_INFORMATION_FORMAT = dwarf;
				DEVELOPMENT_TEAM = PH7R5TR52A;
				ENABLE_STRICT_OBJC_MSGSEND = YES;
				ENABLE_TESTABILITY = YES;
				ENABLE_USER_SCRIPT_SANDBOXING = YES;
				GCC_C_LANGUAGE_STANDARD = gnu17;
				GCC_DYNAMIC_NO_PIC = NO;
				GCC_NO_COMMON_BLOCKS = YES;
				GCC_OPTIMIZATION_LEVEL = 0;
				GCC_PREPROCESSOR_DEFINITIONS = (
					"DEBUG=1",
					"$(inherited)",
				);
				GCC_WARN_64_TO_32_BIT_CONVERSION = YES;
				GCC_WARN_ABOUT_RETURN_TYPE = YES_ERROR;
				GCC_WARN_UNDECLARED_SELECTOR = YES;
				GCC_WARN_UNINITIALIZED_AUTOS = YES_AGGRESSIVE;
				GCC_WARN_UNUSED_FUNCTION = YES;
				GCC_WARN_UNUSED_VARIABLE = YES;
				LOCALIZATION_PREFERS_STRING_CATALOGS = YES;
				MACOSX_DEPLOYMENT_TARGET = 14.6;
				MTL_ENABLE_DEBUG_INFO = INCLUDE_SOURCE;
				MTL_FAST_MATH = YES;
				ONLY_ACTIVE_ARCH = YES;
				SDKROOT = macosx;
				SWIFT_ACTIVE_COMPILATION_CONDITIONS = "DEBUG $(inherited)";
				SWIFT_OPTIMIZATION_LEVEL = "-Onone";
			};
			name = Debug;
		};
		26B349162FF384D6008A256E /* Release configuration for PBXProject "WindowMover" */ = {
			isa = XCBuildConfiguration;
			buildSettings = {
				ALWAYS_SEARCH_USER_PATHS = NO;
				ASSETCATALOG_COMPILER_GENERATE_SWIFT_ASSET_SYMBOL_EXTENSIONS = YES;
				CLANG_ANALYZER_NONNULL = YES;
				CLANG_ANALYZER_NUMBER_OBJECT_CONVERSION = YES_AGGRESSIVE;
				CLANG_CXX_LANGUAGE_STANDARD = "gnu++20";
				CLANG_ENABLE_MODULES = YES;
				CLANG_ENABLE_OBJC_ARC = YES;
				CLANG_ENABLE_OBJC_WEAK = YES;
				CLANG_WARN_BLOCK_CAPTURE_AUTORELEASING = YES;
				CLANG_WARN_BOOL_CONVERSION = YES;
				CLANG_WARN_COMMA = YES;
				CLANG_WARN_CONSTANT_CONVERSION = YES;
				CLANG_WARN_DEPRECATED_OBJC_IMPLEMENTATIONS = YES;
				CLANG_WARN_DIRECT_OBJC_ISA_USAGE = YES_ERROR;
				CLANG_WARN_DOCUMENTATION_COMMENTS = YES;
				CLANG_WARN_EMPTY_BODY = YES;
				CLANG_WARN_ENUM_CONVERSION = YES;
				CLANG_WARN_INFINITE_RECURSION = YES;
				CLANG_WARN_INT_CONVERSION = YES;
				CLANG_WARN_NON_LITERAL_NULL_CONVERSION = YES;
				CLANG_WARN_OBJC_IMPLICIT_RETAIN_SELF = YES;
				CLANG_WARN_OBJC_LITERAL_CONVERSION = YES;
				CLANG_WARN_OBJC_ROOT_CLASS = YES_ERROR;
				CLANG_WARN_QUOTED_INCLUDE_IN_FRAMEWORK_HEADER = YES;
				CLANG_WARN_RANGE_LOOP_ANALYSIS = YES;
				CLANG_WARN_STRICT_PROTOTYPES = YES;
				CLANG_WARN_SUSPICIOUS_MOVE = YES;
				CLANG_WARN_UNGUARDED_AVAILABILITY = YES_AGGRESSIVE;
				CLANG_WARN_UNREACHABLE_CODE = YES;
				CLANG_WARN__DUPLICATE_METHOD_MATCH = YES;
				COPY_PHASE_STRIP = NO;
				DEBUG_INFORMATION_FORMAT = "dwarf-with-dsym";
				DEVELOPMENT_TEAM = PH7R5TR52A;
				ENABLE_NS_ASSERTIONS = NO;
				ENABLE_STRICT_OBJC_MSGSEND = YES;
				ENABLE_USER_SCRIPT_SANDBOXING = YES;
				GCC_C_LANGUAGE_STANDARD = gnu17;
				GCC_NO_COMMON_BLOCKS = YES;
				GCC_WARN_64_TO_32_BIT_CONVERSION = YES;
				GCC_WARN_ABOUT_RETURN_TYPE = YES_ERROR;
				GCC_WARN_UNDECLARED_SELECTOR = YES;
				GCC_WARN_UNINITIALIZED_AUTOS = YES_AGGRESSIVE;
				GCC_WARN_UNUSED_FUNCTION = YES;
				GCC_WARN_UNUSED_VARIABLE = YES;
				LOCALIZATION_PREFERS_STRING_CATALOGS = YES;
				MACOSX_DEPLOYMENT_TARGET = 14.6;
				MTL_ENABLE_DEBUG_INFO = NO;
				MTL_FAST_MATH = YES;
				SDKROOT = macosx;
				SWIFT_COMPILATION_MODE = wholemodule;
			};
			name = Release;
		};
		26B349182FF384D6008A256E /* Debug configuration for PBXNativeTarget "WindowMover" */ = {
			isa = XCBuildConfiguration;
			buildSettings = {
				ASSETCATALOG_COMPILER_APPICON_NAME = AppIcon;
				ASSETCATALOG_COMPILER_GLOBAL_ACCENT_COLOR_NAME = AccentColor;
				CODE_SIGN_STYLE = Automatic;
				COMBINE_HIDPI_IMAGES = YES;
				CURRENT_PROJECT_VERSION = 1;
				DEVELOPMENT_TEAM = PH7R5TR52A;
				ENABLE_APP_SANDBOX = NO;
				ENABLE_HARDENED_RUNTIME = YES;
				ENABLE_PREVIEWS = YES;
				ENABLE_USER_SELECTED_FILES = readonly;
				GENERATE_INFOPLIST_FILE = YES;
				INFOPLIST_KEY_LSUIElement = YES;
				INFOPLIST_KEY_NSHumanReadableCopyright = "";
				LD_RUNPATH_SEARCH_PATHS = (
					"$(inherited)",
					"@executable_path/../Frameworks",
				);
				MACOSX_DEPLOYMENT_TARGET = 14.6;
				MARKETING_VERSION = 1.0;
				PRODUCT_BUNDLE_IDENTIFIER = com.sametrouble.WindowMover;
				PRODUCT_NAME = "$(TARGET_NAME)";
				REGISTER_APP_GROUPS = YES;
				STRING_CATALOG_GENERATE_SYMBOLS = YES;
				SWIFT_APPROACHABLE_CONCURRENCY = YES;
				SWIFT_DEFAULT_ACTOR_ISOLATION = MainActor;
				SWIFT_EMIT_LOC_STRINGS = YES;
				SWIFT_UPCOMING_FEATURE_MEMBER_IMPORT_VISIBILITY = YES;
				SWIFT_VERSION = 5.0;
			};
			name = Debug;
		};
		26B349192FF384D6008A256E /* Release configuration for PBXNativeTarget "WindowMover" */ = {
			isa = XCBuildConfiguration;
			buildSettings = {
				ASSETCATALOG_COMPILER_APPICON_NAME = AppIcon;
				ASSETCATALOG_COMPILER_GLOBAL_ACCENT_COLOR_NAME = AccentColor;
				CODE_SIGN_STYLE = Automatic;
				COMBINE_HIDPI_IMAGES = YES;
				CURRENT_PROJECT_VERSION = 1;
				DEVELOPMENT_TEAM = PH7R5TR52A;
				ENABLE_APP_SANDBOX = NO;
				ENABLE_HARDENED_RUNTIME = YES;
				ENABLE_PREVIEWS = YES;
				ENABLE_USER_SELECTED_FILES = readonly;
				GENERATE_INFOPLIST_FILE = YES;
				INFOPLIST_KEY_LSUIElement = YES;
				INFOPLIST_KEY_NSHumanReadableCopyright = "";
				LD_RUNPATH_SEARCH_PATHS = (
					"$(inherited)",
					"@executable_path/../Frameworks",
				);
				MACOSX_DEPLOYMENT_TARGET = 14.6;
				MARKETING_VERSION = 1.0;
				PRODUCT_BUNDLE_IDENTIFIER = com.sametrouble.WindowMover;
				PRODUCT_NAME = "$(TARGET_NAME)";
				REGISTER_APP_GROUPS = YES;
				STRING_CATALOG_GENERATE_SYMBOLS = YES;
				SWIFT_APPROACHABLE_CONCURRENCY = YES;
				SWIFT_DEFAULT_ACTOR_ISOLATION = MainActor;
				SWIFT_EMIT_LOC_STRINGS = YES;
				SWIFT_UPCOMING_FEATURE_MEMBER_IMPORT_VISIBILITY = YES;
				SWIFT_VERSION = 5.0;
			};
			name = Release;
		};
		26B3491B2FF384D6008A256E /* Debug configuration for PBXNativeTarget "WindowMoverTests" */ = {
			isa = XCBuildConfiguration;
			buildSettings = {
				BUNDLE_LOADER = "$(TEST_HOST)";
				CODE_SIGN_STYLE = Automatic;
				CURRENT_PROJECT_VERSION = 1;
				DEVELOPMENT_TEAM = PH7R5TR52A;
				GENERATE_INFOPLIST_FILE = YES;
				MACOSX_DEPLOYMENT_TARGET = 14.6;
				MARKETING_VERSION = 1.0;
				PRODUCT_BUNDLE_IDENTIFIER = com.sametrouble.WindowMoverTests;
				PRODUCT_NAME = "$(TARGET_NAME)";
				STRING_CATALOG_GENERATE_SYMBOLS = NO;
				SWIFT_APPROACHABLE_CONCURRENCY = YES;
				SWIFT_EMIT_LOC_STRINGS = NO;
				SWIFT_UPCOMING_FEATURE_MEMBER_IMPORT_VISIBILITY = YES;
				SWIFT_VERSION = 5.0;
				TEST_HOST = "$(BUILT_PRODUCTS_DIR)/WindowMover.app/$(BUNDLE_EXECUTABLE_FOLDER_PATH)/WindowMover";
			};
			name = Debug;
		};
		26B3491C2FF384D6008A256E /* Release configuration for PBXNativeTarget "WindowMoverTests" */ = {
			isa = XCBuildConfiguration;
			buildSettings = {
				BUNDLE_LOADER = "$(TEST_HOST)";
				CODE_SIGN_STYLE = Automatic;
				CURRENT_PROJECT_VERSION = 1;
				DEVELOPMENT_TEAM = PH7R5TR52A;
				GENERATE_INFOPLIST_FILE = YES;
				MACOSX_DEPLOYMENT_TARGET = 14.6;
				MARKETING_VERSION = 1.0;
				PRODUCT_BUNDLE_IDENTIFIER = com.sametrouble.WindowMoverTests;
				PRODUCT_NAME = "$(TARGET_NAME)";
				STRING_CATALOG_GENERATE_SYMBOLS = NO;
				SWIFT_APPROACHABLE_CONCURRENCY = YES;
				SWIFT_EMIT_LOC_STRINGS = NO;
				SWIFT_UPCOMING_FEATURE_MEMBER_IMPORT_VISIBILITY = YES;
				SWIFT_VERSION = 5.0;
				TEST_HOST = "$(BUILT_PRODUCTS_DIR)/WindowMover.app/$(BUNDLE_EXECUTABLE_FOLDER_PATH)/WindowMover";
			};
			name = Release;
		};
		26B3491E2FF384D6008A256E /* Debug configuration for PBXNativeTarget "WindowMoverUITests" */ = {
			isa = XCBuildConfiguration;
			buildSettings = {
				CODE_SIGN_STYLE = Automatic;
				CURRENT_PROJECT_VERSION = 1;
				DEVELOPMENT_TEAM = PH7R5TR52A;
				GENERATE_INFOPLIST_FILE = YES;
				MARKETING_VERSION = 1.0;
				PRODUCT_BUNDLE_IDENTIFIER = com.sametrouble.WindowMoverUITests;
				PRODUCT_NAME = "$(TARGET_NAME)";
				STRING_CATALOG_GENERATE_SYMBOLS = NO;
				SWIFT_APPROACHABLE_CONCURRENCY = YES;
				SWIFT_EMIT_LOC_STRINGS = NO;
				SWIFT_UPCOMING_FEATURE_MEMBER_IMPORT_VISIBILITY = YES;
				SWIFT_VERSION = 5.0;
				TEST_TARGET_NAME = WindowMover;
			};
			name = Debug;
		};
		26B3491F2FF384D6008A256E /* Release configuration for PBXNativeTarget "WindowMoverUITests" */ = {
			isa = XCBuildConfiguration;
			buildSettings = {
				CODE_SIGN_STYLE = Automatic;
				CURRENT_PROJECT_VERSION = 1;
				DEVELOPMENT_TEAM = PH7R5TR52A;
				GENERATE_INFOPLIST_FILE = YES;
				MARKETING_VERSION = 1.0;
				PRODUCT_BUNDLE_IDENTIFIER = com.sametrouble.WindowMoverUITests;
				PRODUCT_NAME = "$(TARGET_NAME)";
				STRING_CATALOG_GENERATE_SYMBOLS = NO;
				SWIFT_APPROACHABLE_CONCURRENCY = YES;
				SWIFT_EMIT_LOC_STRINGS = NO;
				SWIFT_UPCOMING_FEATURE_MEMBER_IMPORT_VISIBILITY = YES;
				SWIFT_VERSION = 5.0;
				TEST_TARGET_NAME = WindowMover;
			};
			name = Release;
		};
/* End XCBuildConfiguration section */

/* Begin XCConfigurationList section */
		26B348F32FF384D4008A256E /* Build configuration list for PBXProject "WindowMover" */ = {
			isa = XCConfigurationList;
			buildConfigurations = (
				26B349152FF384D6008A256E /* Debug configuration for PBXProject "WindowMover" */,
				26B349162FF384D6008A256E /* Release configuration for PBXProject "WindowMover" */,
			);
			defaultConfigurationName = Release;
		};
		26B349172FF384D6008A256E /* Build configuration list for PBXNativeTarget "WindowMover" */ = {
			isa = XCConfigurationList;
			buildConfigurations = (
				26B349182FF384D6008A256E /* Debug configuration for PBXNativeTarget "WindowMover" */,
				26B349192FF384D6008A256E /* Release configuration for PBXNativeTarget "WindowMover" */,
			);
			defaultConfigurationName = Release;
		};
		26B3491A2FF384D6008A256E /* Build configuration list for PBXNativeTarget "WindowMoverTests" */ = {
			isa = XCConfigurationList;
			buildConfigurations = (
				26B3491B2FF384D6008A256E /* Debug configuration for PBXNativeTarget "WindowMoverTests" */,
				26B3491C2FF384D6008A256E /* Release configuration for PBXNativeTarget "WindowMoverTests" */,
			);
			defaultConfigurationName = Release;
		};
		26B3491D2FF384D6008A256E /* Build configuration list for PBXNativeTarget "WindowMoverUITests" */ = {
			isa = XCConfigurationList;
			buildConfigurations = (
				26B3491E2FF384D6008A256E /* Debug configuration for PBXNativeTarget "WindowMoverUITests" */,
				26B3491F2FF384D6008A256E /* Release configuration for PBXNativeTarget "WindowMoverUITests" */,
			);
			defaultConfigurationName = Release;
		};
/* End XCConfigurationList section */
	};
	rootObject = 26B348F02FF384D4008A256E /* Project object */;
	validationLevel = 1;
}
